
Microsoft Visual Studio Solution File, Format Version 12.00
# Visual Studio 2012
Project("{E24C65DC-7377-472B-9ABA-BC803B73C61A}") = "WebSite8", "http://localhost:7788", "{DAD999E2-4DC4-42E2-A840-C0B57EEF0041}"
	ProjectSection(WebsiteProperties) = preProject
		UseIISExpress = "true"
		TargetFrameworkMoniker = ".NETFramework,Version%3Dv4.5"
		Debug.AspNetCompiler.VirtualPath = "/localhost_7788"
		Debug.AspNetCompiler.PhysicalPath = "E:\classroom\awp\WebSite8\"
		Debug.AspNetCompiler.TargetPath = "PrecompiledWeb\localhost_7788\"
		Debug.AspNetCompiler.Updateable = "true"
		Debug.AspNetCompiler.ForceOverwrite = "true"
		Debug.AspNetCompiler.FixedNames = "false"
		Debug.AspNetCompiler.Debug = "True"
		Release.AspNetCompiler.VirtualPath = "/localhost_7788"
		Release.AspNetCompiler.PhysicalPath = "E:\classroom\awp\WebSite8\"
		Release.AspNetCompiler.TargetPath = "PrecompiledWeb\localhost_7788\"
		Release.AspNetCompiler.Updateable = "true"
		Release.AspNetCompiler.ForceOverwrite = "true"
		Release.AspNetCompiler.FixedNames = "false"
		Release.AspNetCompiler.Debug = "False"
		SlnRelativePath = "E:\classroom\awp\WebSite8\"
		DefaultWebSiteLanguage = "Visual C#"
	EndProjectSection
EndProject
Global
	GlobalSection(SolutionConfigurationPlatforms) = preSolution
		Debug|Any CPU = Debug|Any CPU
	EndGlobalSection
	GlobalSection(ProjectConfigurationPlatforms) = postSolution
		{DAD999E2-4DC4-42E2-A840-C0B57EEF0041}.Debug|Any CPU.ActiveCfg = Debug|Any CPU
		{DAD999E2-4DC4-42E2-A840-C0B57EEF0041}.Debug|Any CPU.Build.0 = Debug|Any CPU
	EndGlobalSection
	GlobalSection(SolutionProperties) = preSolution
		HideSolutionNode = FALSE
	EndGlobalSection
EndGlobal
