
Microsoft Visual Studio Solution File, Format Version 12.00
# Visual Studio 2012
Project("{E24C65DC-7377-472B-9ABA-BC803B73C61A}") = "WebSite7", "http://localhost:7736", "{BD97E3F5-049F-4708-A6DC-78FF08E29EC6}"
	ProjectSection(WebsiteProperties) = preProject
		UseIISExpress = "true"
		TargetFrameworkMoniker = ".NETFramework,Version%3Dv4.5"
		Debug.AspNetCompiler.VirtualPath = "/localhost_7736"
		Debug.AspNetCompiler.PhysicalPath = "E:\classroom\awp\WebSite7\"
		Debug.AspNetCompiler.TargetPath = "PrecompiledWeb\localhost_7736\"
		Debug.AspNetCompiler.Updateable = "true"
		Debug.AspNetCompiler.ForceOverwrite = "true"
		Debug.AspNetCompiler.FixedNames = "false"
		Debug.AspNetCompiler.Debug = "True"
		Release.AspNetCompiler.VirtualPath = "/localhost_7736"
		Release.AspNetCompiler.PhysicalPath = "E:\classroom\awp\WebSite7\"
		Release.AspNetCompiler.TargetPath = "PrecompiledWeb\localhost_7736\"
		Release.AspNetCompiler.Updateable = "true"
		Release.AspNetCompiler.ForceOverwrite = "true"
		Release.AspNetCompiler.FixedNames = "false"
		Release.AspNetCompiler.Debug = "False"
		SlnRelativePath = "E:\classroom\awp\WebSite7\"
		DefaultWebSiteLanguage = "Visual C#"
	EndProjectSection
EndProject
Global
	GlobalSection(SolutionConfigurationPlatforms) = preSolution
		Debug|Any CPU = Debug|Any CPU
	EndGlobalSection
	GlobalSection(ProjectConfigurationPlatforms) = postSolution
		{BD97E3F5-049F-4708-A6DC-78FF08E29EC6}.Debug|Any CPU.ActiveCfg = Debug|Any CPU
		{BD97E3F5-049F-4708-A6DC-78FF08E29EC6}.Debug|Any CPU.Build.0 = Debug|Any CPU
	EndGlobalSection
	GlobalSection(SolutionProperties) = preSolution
		HideSolutionNode = FALSE
	EndGlobalSection
EndGlobal
